// !$*UTF8*$!
{
	archiveVersion = 1;
	classes = {
	};
	objectVersion = 56;
	objects = {

/* Begin PBXBuildFile section */
		885D9BEA2B0F9C1D008396AD /* AppDelegate.swift in Sources */ = {isa = PBXBuildFile; fileRef = 885D9BE92B0F9C1D008396AD /* AppDelegate.swift */; };
		885D9BEC2B0F9C1D008396AD /* SceneDelegate.swift in Sources */ = {isa = PBXBuildFile; fileRef = 885D9BEB2B0F9C1D008396AD /* SceneDelegate.swift */; };
		885D9BEE2B0F9C1D008396AD /* ViewController.swift in Sources */ = {isa = PBXBuildFile; fileRef = 885D9BED2B0F9C1D008396AD /* ViewController.swift */; };
		885D9BF12B0F9C1D008396AD /* Main.storyboard in Resources */ = {isa = PBXBuildFile; fileRef = 885D9BEF2B0F9C1D008396AD /* Main.storyboard */; };
		885D9BF32B0F9C20008396AD /* Assets.xcassets in Resources */ = {isa = PBXBuildFile; fileRef = 885D9BF22B0F9C20008396AD /* Assets.xcassets */; };
		885D9BF62B0F9C20008396AD /* LaunchScreen.storyboard in Resources */ = {isa = PBXBuildFile; fileRef = 885D9BF42B0F9C20008396AD /* LaunchScreen.storyboard */; };
		885D9C012B0F9C21008396AD /* GitTestTests.swift in Sources */ = {isa = PBXBuildFile; fileRef = 885D9C002B0F9C21008396AD /* GitTestTests.swift */; };
		885D9C0B2B0F9C21008396AD /* GitTestUITests.swift in Sources */ = {isa = PBXBuildFile; fileRef = 885D9C0A2B0F9C21008396AD /* GitTestUITests.swift */; };
		885D9C0D2B0F9C21008396AD /* GitTestUITestsLaunchTests.swift in Sources */ = {isa = PBXBuildFile; fileRef = 885D9C0C2B0F9C21008396AD /* GitTestUITestsLaunchTests.swift */; };
/* End PBXBuildFile section */

/* Begin PBXContainerItemProxy section */
		885D9BFD2B0F9C21008396AD /* PBXContainerItemProxy */ = {
			isa = PBXContainerItemProxy;
			containerPortal = 885D9BDE2B0F9C1D008396AD /* Project object */;
			proxyType = 1;
			remoteGlobalIDString = 885D9BE52B0F9C1D008396AD;
			remoteInfo = GitTest;
		};
		885D9C072B0F9C21008396AD /* PBXContainerItemProxy */ = {
			isa = PBXContainerItemProxy;
			containerPortal = 885D9BDE2B0F9C1D008396AD /* Project object */;
			proxyType = 1;
			remoteGlobalIDString = 885D9BE52B0F9C1D008396AD;
			remoteInfo = GitTest;
		};
/* End PBXContainerItemProxy section */

/* Begin PBXFileReference section */
		885D9BE62B0F9C1D008396AD /* GitTest.app */ = {isa = PBXFileReference; explicitFileType = wrapper.application; includeInIndex = 0; path = GitTest.app; sourceTree = BUILT_PRODUCTS_DIR; };
		885D9BE92B0F9C1D008396AD /* AppDelegate.swift */ = {isa = PBXFileReference; lastKnownFileType = sourcecode.swift; path = AppDelegate.swift; sourceTree = "<group>"; };
		885D9BEB2B0F9C1D008396AD /* SceneDelegate.swift */ = {isa = PBXFileReference; lastKnownFileType = sourcecode.swift; path = SceneDelegate.swift; sourceTree = "<group>"; };
		885D9BED2B0F9C1D008396AD /* ViewController.swift */ = {isa = PBXFileReference; lastKnownFileType = sourcecode.swift; path = ViewController.swift; sourceTree = "<group>"; };
		885D9BF02B0F9C1D008396AD /* Base */ = {isa = PBXFileReference; lastKnownFileType = file.storyboard; name = Base; path = Base.lproj/Main.storyboard; sourceTree = "<group>"; };
		885D9BF22B0F9C20008396AD /* Assets.xcassets */ = {isa = PBXFileReference; lastKnownFileType = folder.assetcatalog; path = Assets.xcassets; sourceTree = "<group>"; };
		885D9BF52B0F9C20008396AD /* Base */ = {isa = PBXFileReference; lastKnownFileType = file.storyboard; name = Base; path = Base.lproj/LaunchScreen.storyboard; sourceTree = "<group>"; };
		885D9BF72B0F9C20008396AD /* Info.plist */ = {isa = PBXFileReference; lastKnownFileType = text.plist.xml; path = Info.plist; sourceTree = "<group>"; };
		885D9BFC2B0F9C21008396AD /* GitTestTests.xctest */ = {isa = PBXFileReference; explicitFileType = wrapper.cfbundle; includeInIndex = 0; path = GitTestTests.xctest; sourceTree = BUILT_PRODUCTS_DIR; };
		885D9C002B0F9C21008396AD /* GitTestTests.swift */ = {isa = PBXFileReference; lastKnownFileType = sourcecode.swift; path = GitTestTests.swift; sourceTree = "<group>"; };
		885D9C062B0F9C21008396AD /* GitTestUITests.xctest */ = {isa = PBXFileReference; explicitFileType = wrapper.cfbundle; includeInIndex = 0; path = GitTestUITests.xctest; sourceTree = BUILT_PRODUCTS_DIR; };
		885D9C0A2B0F9C21008396AD /* GitTestUITests.swift */ = {isa = PBXFileReference; lastKnownFileType = sourcecode.swift; path = GitTestUITests.swift; sourceTree = "<group>"; };
		885D9C0C2B0F9C21008396AD /* GitTestUITestsLaunchTests.swift */ = {isa = PBXFileReference; lastKnownFileType = sourcecode.swift; path = GitTestUITestsLaunchTests.swift; sourceTree = "<group>"; };
/* End PBXFileReference section */

/* Begin PBXFrameworksBuildPhase section */
		885D9BE32B0F9C1D008396AD /* Frameworks */ = {
			isa = PBXFrameworksBuildPhase;
			buildActionMask = 2147483647;
			files = (
			);
			runOnlyForDeploymentPostprocessing = 0;
		};
		885D9BF92B0F9C21008396AD /* Frameworks */ = {
			isa = PBXFrameworksBuildPhase;
			buildActionMask = 2147483647;
			files = (
			);
			runOnlyForDeploymentPostprocessing = 0;
		};
		885D9C032B0F9C21008396AD /* Frameworks */ = {
			isa = PBXFrameworksBuildPhase;
			buildActionMask = 2147483647;
			files = (
			);
			runOnlyForDeploymentPostprocessing = 0;
		};
/* End PBXFrameworksBuildPhase section */

/* Begin PBXGroup section */
		885D9BDD2B0F9C1D008396AD = {
			isa = PBXGroup;
			children = (
				885D9BE82B0F9C1D008396AD /* GitTest */,
				885D9BFF2B0F9C21008396AD /* GitTestTests */,
				885D9C092B0F9C21008396AD /* GitTestUITests */,
				885D9BE72B0F9C1D008396AD /* Products */,
			);
			sourceTree = "<group>";
		};
		885D9BE72B0F9C1D008396AD /* Products */ = {
			isa = PBXGroup;
			children = (
				885D9BE62B0F9C1D008396AD /* GitTest.app */,
				885D9BFC2B0F9C21008396AD /* GitTestTests.xctest */,
				885D9C062B0F9C21008396AD /* GitTestUITests.xctest */,
			);
			name = Products;
			sourceTree = "<group>";
		};
		885D9BE82B0F9C1D008396AD /* GitTest */ = {
			isa = PBXGroup;
			children = (
				885D9BE92B0F9C1D008396AD /* AppDelegate.swift */,
				885D9BEB2B0F9C1D008396AD /* SceneDelegate.swift */,
				885D9BED2B0F9C1D008396AD /* ViewController.swift */,
				885D9BEF2B0F9C1D008396AD /* Main.storyboard */,
				885D9BF22B0F9C20008396AD /* Assets.xcassets */,
				885D9BF42B0F9C20008396AD /* LaunchScreen.storyboard */,
				885D9BF72B0F9C20008396AD /* Info.plist */,
			);
			path = GitTest;
			sourceTree = "<group>";
		};
		885D9BFF2B0F9C21008396AD /* GitTestTests */ = {
			isa = PBXGroup;
			children = (
				885D9C002B0F9C21008396AD /* GitTestTests.swift */,
			);
			path = GitTestTests;
			sourceTree = "<group>";
		};
		885D9C092B0F9C21008396AD /* GitTestUITests */ = {
			isa = PBXGroup;
			children = (
				885D9C0A2B0F9C21008396AD /* GitTestUITests.swift */,
				885D9C0C2B0F9C21008396AD /* GitTestUITestsLaunchTests.swift */,
			);
			path = GitTestUITests;
			sourceTree = "<group>";
		};
/* End PBXGroup section */

/* Begin PBXNativeTarget section */
		885D9BE52B0F9C1D008396AD /* GitTest */ = {
			isa = PBXNativeTarget;
			buildConfigurationList = 885D9C102B0F9C21008396AD /* Build configuration list for PBXNativeTarget "GitTest" */;
			buildPhases = (
				885D9BE22B0F9C1D008396AD /* Sources */,
				885D9BE32B0F9C1D008396AD /* Frameworks */,
				885D9BE42B0F9C1D008396AD /* Resources */,
			);
			buildRules = (
			);
			dependencies = (
			);
			name = GitTest;
			productName = GitTest;
			productReference = 885D9BE62B0F9C1D008396AD /* GitTest.app */;
			productType = "com.apple.product-type.application";
		};
		885D9BFB2B0F9C21008396AD /* GitTestTests */ = {
			isa = PBXNativeTarget;
			buildConfigurationList = 885D9C132B0F9C21008396AD /* Build configuration list for PBXNativeTarget "GitTestTests" */;
			buildPhases = (
				885D9BF82B0F9C21008396AD /* Sources */,
				885D9BF92B0F9C21008396AD /* Frameworks */,
				885D9BFA2B0F9C21008396AD /* Resources */,
			);
			buildRules = (
			);
			dependencies = (
				885D9BFE2B0F9C21008396AD /* PBXTargetDependency */,
			);
			name = GitTestTests;
			productName = GitTestTests;
			productReference = 885D9BFC2B0F9C21008396AD /* GitTestTests.xctest */;
			productType = "com.apple.product-type.bundle.unit-test";
		};
		885D9C052B0F9C21008396AD /* GitTestUITests */ = {
			isa = PBXNativeTarget;
			buildConfigurationList = 885D9C162B0F9C21008396AD /* Build configuration list for PBXNativeTarget "GitTestUITests" */;
			buildPhases = (
				885D9C022B0F9C21008396AD /* Sources */,
				885D9C032B0F9C21008396AD /* Frameworks */,
				885D9C042B0F9C21008396AD /* Resources */,
			);
			buildRules = (
			);
			dependencies = (
				885D9C082B0F9C21008396AD /* PBXTargetDependency */,
			);
			name = GitTestUITests;
			productName = GitTestUITests;
			productReference = 885D9C062B0F9C21008396AD /* GitTestUITests.xctest */;
			productType = "com.apple.product-type.bundle.ui-testing";
		};
/* End PBXNativeTarget section */

/* Begin PBXProject section */
		885D9BDE2B0F9C1D008396AD /* Project object */ = {
			isa = PBXProject;
			attributes = {
				BuildIndependentTargetsInParallel = 1;
				LastSwiftUpdateCheck = 1500;
				LastUpgradeCheck = 1500;
				TargetAttributes = {
					885D9BE52B0F9C1D008396AD = {
						CreatedOnToolsVersion = 15.0.1;
					};
					885D9BFB2B0F9C21008396AD = {
						CreatedOnToolsVersion = 15.0.1;
						TestTargetID = 885D9BE52B0F9C1D008396AD;
					};
					885D9C052B0F9C21008396AD = {
						CreatedOnToolsVersion = 15.0.1;
						TestTargetID = 885D9BE52B0F9C1D008396AD;
					};
				};
			};
			buildConfigurationList = 885D9BE12B0F9C1D008396AD /* Build configuration list for PBXProject "GitTest" */;
			compatibilityVersion = "Xcode 14.0";
			developmentRegion = en;
			hasScannedForEncodings = 0;
			knownRegions = (
				en,
				Base,
			);
			mainGroup = 885D9BDD2B0F9C1D008396AD;
			productRefGroup = 885D9BE72B0F9C1D008396AD /* Products */;
			projectDirPath = "";
			projectRoot = "";
			targets = (
				885D9BE52B0F9C1D008396AD /* GitTest */,
				885D9BFB2B0F9C21008396AD /* GitTestTests */,
				885D9C052B0F9C21008396AD /* GitTestUITests */,
			);
		};
/* End PBXProject section */

/* Begin PBXResourcesBuildPhase section */
		885D9BE42B0F9C1D008396AD /* Resources */ = {
			isa = PBXResourcesBuildPhase;
			buildActionMask = 2147483647;
			files = (
				885D9BF62B0F9C20008396AD /* LaunchScreen.storyboard in Resources */,
				885D9BF32B0F9C20008396AD /* Assets.xcassets in Resources */,
				885D9BF12B0F9C1D008396AD /* Main.storyboard in Resources */,
			);
			runOnlyForDeploymentPostprocessing = 0;
		};
		885D9BFA2B0F9C21008396AD /* Resources */ = {
			isa = PBXResourcesBuildPhase;
			buildActionMask = 2147483647;
			files = (
			);
			runOnlyForDeploymentPostprocessing = 0;
		};
		885D9C042B0F9C21008396AD /* Resources */ = {
			isa = PBXResourcesBuildPhase;
			buildActionMask = 2147483647;
			files = (
			);
			runOnlyForDeploymentPostprocessing = 0;
		};
/* End PBXResourcesBuildPhase section */

/* Begin PBXSourcesBuildPhase section */
		885D9BE22B0F9C1D008396AD /* Sources */ = {
			isa = PBXSourcesBuildPhase;
			buildActionMask = 2147483647;
			files = (
				885D9BEE2B0F9C1D008396AD /* ViewController.swift in Sources */,
				885D9BEA2B0F9C1D008396AD /* AppDelegate.swift in Sources */,
				885D9BEC2B0F9C1D008396AD /* SceneDelegate.swift in Sources */,
			);
			runOnlyForDeploymentPostprocessing = 0;
		};
		885D9BF82B0F9C21008396AD /* Sources */ = {
			isa = PBXSourcesBuildPhase;
			buildActionMask = 2147483647;
			files = (
				885D9C012B0F9C21008396AD /* GitTestTests.swift in Sources */,
			);
			runOnlyForDeploymentPostprocessing = 0;
		};
		885D9C022B0F9C21008396AD /* Sources */ = {
			isa = PBXSourcesBuildPhase;
			buildActionMask = 2147483647;
			files = (
				885D9C0B2B0F9C21008396AD /* GitTestUITests.swift in Sources */,
				885D9C0D2B0F9C21008396AD /* GitTestUITestsLaunchTests.swift in Sources */,
			);
			runOnlyForDeploymentPostprocessing = 0;
		};
/* End PBXSourcesBuildPhase section */

/* Begin PBXTargetDependency section */
		885D9BFE2B0F9C21008396AD /* PBXTargetDependency */ = {
			isa = PBXTargetDependency;
			target = 885D9BE52B0F9C1D008396AD /* GitTest */;
			targetProxy = 885D9BFD2B0F9C21008396AD /* PBXContainerItemProxy */;
		};
		885D9C082B0F9C21008396AD /* PBXTargetDependency */ = {
			isa = PBXTargetDependency;
			target = 885D9BE52B0F9C1D008396AD /* GitTest */;
			targetProxy = 885D9C072B0F9C21008396AD /* PBXContainerItemProxy */;
		};
/* End PBXTargetDependency section */

/* Begin PBXVariantGroup section */
		885D9BEF2B0F9C1D008396AD /* Main.storyboard */ = {
			isa = PBXVariantGroup;
			children = (
				885D9BF02B0F9C1D008396AD /* Base */,
			);
			name = Main.storyboard;
			sourceTree = "<group>";
		};
		885D9BF42B0F9C20008396AD /* LaunchScreen.storyboard */ = {
			isa = PBXVariantGroup;
			children = (
				885D9BF52B0F9C20008396AD /* Base */,
			);
			name = LaunchScreen.storyboard;
			sourceTree = "<group>";
		};
/* End PBXVariantGroup section */

/* Begin XCBuildConfiguration section */
		885D9C0E2B0F9C21008396AD /* Debug */ = {
			isa = XCBuildConfiguration;
			buildSettings = {
				ALWAYS_SEARCH_USER_PATHS = NO;
				ASSETCATALOG_COMPILER_GENERATE_SWIFT_ASSET_SYMBOL_EXTENSIONS = YES;
				CLANG_ANALYZER_NONNULL = YES;
				CLANG_ANALYZER_NUMBER_OBJECT_CONVERSION = YES_AGGRESSIVE;
				CLANG_CXX_LANGUAGE_STANDARD = "gnu++20";
				CLANG_ENABLE_MODULES = YES;
				CLANG_ENABLE_OBJC_ARC = YES;
				CLANG_ENABLE_OBJC_WEAK = YES;
				CLANG_WARN_BLOCK_CAPTURE_AUTORELEASING = YES;
				CLANG_WARN_BOOL_CONVERSION = YES;
				CLANG_WARN_COMMA = YES;
				CLANG_WARN_CONSTANT_CONVERSION = YES;
				CLANG_WARN_DEPRECATED_OBJC_IMPLEMENTATIONS = YES;
				CLANG_WARN_DIRECT_OBJC_ISA_USAGE = YES_ERROR;
				CLANG_WARN_DOCUMENTATION_COMMENTS = YES;
				CLANG_WARN_EMPTY_BODY = YES;
				CLANG_WARN_ENUM_CONVERSION = YES;
				CLANG_WARN_INFINITE_RECURSION = YES;
				CLANG_WARN_INT_CONVERSION = YES;
				CLANG_WARN_NON_LITERAL_NULL_CONVERSION = YES;
				CLANG_WARN_OBJC_IMPLICIT_RETAIN_SELF = YES;
				CLANG_WARN_OBJC_LITERAL_CONVERSION = YES;
				CLANG_WARN_OBJC_ROOT_CLASS = YES_ERROR;
				CLANG_WARN_QUOTED_INCLUDE_IN_FRAMEWORK_HEADER = YES;
				CLANG_WARN_RANGE_LOOP_ANALYSIS = YES;
				CLANG_WARN_STRICT_PROTOTYPES = YES;
				CLANG_WARN_SUSPICIOUS_MOVE = YES;
				CLANG_WARN_UNGUARDED_AVAILABILITY = YES_AGGRESSIVE;
				CLANG_WARN_UNREACHABLE_CODE = YES;
				CLANG_WARN__DUPLICATE_METHOD_MATCH = YES;
				COPY_PHASE_STRIP = NO;
				DEBUG_INFORMATION_FORMAT = dwarf;
				ENABLE_STRICT_OBJC_MSGSEND = YES;
				ENABLE_TESTABILITY = YES;
				ENABLE_USER_SCRIPT_SANDBOXING = YES;
				GCC_C_LANGUAGE_STANDARD = gnu17;
				GCC_DYNAMIC_NO_PIC = NO;
				GCC_NO_COMMON_BLOCKS = YES;
				GCC_OPTIMIZATION_LEVEL = 0;
				GCC_PREPROCESSOR_DEFINITIONS = (
					"DEBUG=1",
					"$(inherited)",
				);
				GCC_WARN_64_TO_32_BIT_CONVERSION = YES;
				GCC_WARN_ABOUT_RETURN_TYPE = YES_ERROR;
				GCC_WARN_UNDECLARED_SELECTOR = YES;
				GCC_WARN_UNINITIALIZED_AUTOS = YES_AGGRESSIVE;
				GCC_WARN_UNUSED_FUNCTION = YES;
				GCC_WARN_UNUSED_VARIABLE = YES;
				IPHONEOS_DEPLOYMENT_TARGET = 17.0;
				LOCALIZATION_PREFERS_STRING_CATALOGS = YES;
				MTL_ENABLE_DEBUG_INFO = INCLUDE_SOURCE;
				MTL_FAST_MATH = YES;
				ONLY_ACTIVE_ARCH = YES;
				SDKROOT = iphoneos;
				SWIFT_ACTIVE_COMPILATION_CONDITIONS = "DEBUG $(inherited)";
				SWIFT_OPTIMIZATION_LEVEL = "-Onone";
			};
			name = Debug;
		};
		885D9C0F2B0F9C21008396AD /* Release */ = {
			isa = XCBuildConfiguration;
			buildSettings = {
				ALWAYS_SEARCH_USER_PATHS = NO;
				ASSETCATALOG_COMPILER_GENERATE_SWIFT_ASSET_SYMBOL_EXTENSIONS = YES;
				CLANG_ANALYZER_NONNULL = YES;
				CLANG_ANALYZER_NUMBER_OBJECT_CONVERSION = YES_AGGRESSIVE;
				CLANG_CXX_LANGUAGE_STANDARD = "gnu++20";
				CLANG_ENABLE_MODULES = YES;
				CLANG_ENABLE_OBJC_ARC = YES;
				CLANG_ENABLE_OBJC_WEAK = YES;
				CLANG_WARN_BLOCK_CAPTURE_AUTORELEASING = YES;
				CLANG_WARN_BOOL_CONVERSION = YES;
				CLANG_WARN_COMMA = YES;
				CLANG_WARN_CONSTANT_CONVERSION = YES;
				CLANG_WARN_DEPRECATED_OBJC_IMPLEMENTATIONS = YES;
				CLANG_WARN_DIRECT_OBJC_ISA_USAGE = YES_ERROR;
				CLANG_WARN_DOCUMENTATION_COMMENTS = YES;
				CLANG_WARN_EMPTY_BODY = YES;
				CLANG_WARN_ENUM_CONVERSION = YES;
				CLANG_WARN_INFINITE_RECURSION = YES;
				CLANG_WARN_INT_CONVERSION = YES;
				CLANG_WARN_NON_LITERAL_NULL_CONVERSION = YES;
				CLANG_WARN_OBJC_IMPLICIT_RETAIN_SELF = YES;
				CLANG_WARN_OBJC_LITERAL_CONVERSION = YES;
				CLANG_WARN_OBJC_ROOT_CLASS = YES_ERROR;
				CLANG_WARN_QUOTED_INCLUDE_IN_FRAMEWORK_HEADER = YES;
				CLANG_WARN_RANGE_LOOP_ANALYSIS = YES;
				CLANG_WARN_STRICT_PROTOTYPES = YES;
				CLANG_WARN_SUSPICIOUS_MOVE = YES;
				CLANG_WARN_UNGUARDED_AVAILABILITY = YES_AGGRESSIVE;
				CLANG_WARN_UNREACHABLE_CODE = YES;
				CLANG_WARN__DUPLICATE_METHOD_MATCH = YES;
				COPY_PHASE_STRIP = NO;
				DEBUG_INFORMATION_FORMAT = "dwarf-with-dsym";
				ENABLE_NS_ASSERTIONS = NO;
				ENABLE_STRICT_OBJC_MSGSEND = YES;
				ENABLE_USER_SCRIPT_SANDBOXING = YES;
				GCC_C_LANGUAGE_STANDARD = gnu17;
				GCC_NO_COMMON_BLOCKS = YES;
				GCC_WARN_64_TO_32_BIT_CONVERSION = YES;
				GCC_WARN_ABOUT_RETURN_TYPE = YES_ERROR;
				GCC_WARN_UNDECLARED_SELECTOR = YES;
				GCC_WARN_UNINITIALIZED_AUTOS = YES_AGGRESSIVE;
				GCC_WARN_UNUSED_FUNCTION = YES;
				GCC_WARN_UNUSED_VARIABLE = YES;
				IPHONEOS_DEPLOYMENT_TARGET = 17.0;
				LOCALIZATION_PREFERS_STRING_CATALOGS = YES;
				MTL_ENABLE_DEBUG_INFO = NO;
				MTL_FAST_MATH = YES;
				SDKROOT = iphoneos;
				SWIFT_COMPILATION_MODE = wholemodule;
				VALIDATE_PRODUCT = YES;
			};
			name = Release;
		};
		885D9C112B0F9C21008396AD /* Debug */ = {
			isa = XCBuildConfiguration;
			buildSettings = {
				ASSETCATALOG_COMPILER_APPICON_NAME = AppIcon;
				ASSETCATALOG_COMPILER_GLOBAL_ACCENT_COLOR_NAME = AccentColor;
				CODE_SIGN_STYLE = Automatic;
				CURRENT_PROJECT_VERSION = 1;
				GENERATE_INFOPLIST_FILE = YES;
				INFOPLIST_FILE = GitTest/Info.plist;
				INFOPLIST_KEY_UIApplicationSupportsIndirectInputEvents = YES;
				INFOPLIST_KEY_UILaunchStoryboardName = LaunchScreen;
				INFOPLIST_KEY_UIMainStoryboardFile = Main;
				INFOPLIST_KEY_UISupportedInterfaceOrientations_iPad = "UIInterfaceOrientationPortrait UIInterfaceOrientationPortraitUpsideDown UIInterfaceOrientationLandscapeLeft UIInterfaceOrientationLandscapeRight";
				INFOPLIST_KEY_UISupportedInterfaceOrientations_iPhone = "UIInterfaceOrientationPortrait UIInterfaceOrientationLandscapeLeft UIInterfaceOrientationLandscapeRight";
				LD_RUNPATH_SEARCH_PATHS = (
					"$(inherited)",
					"@executable_path/Frameworks",
				);
				MARKETING_VERSION = 1.0;
				PRODUCT_BUNDLE_IDENTIFIER = identifier.GitTest;
				PRODUCT_NAME = "$(TARGET_NAME)";
				SWIFT_EMIT_LOC_STRINGS = YES;
				SWIFT_VERSION = 5.0;
				TARGETED_DEVICE_FAMILY = "1,2";
			};
			name = Debug;
		};
		885D9C122B0F9C21008396AD /* Release */ = {
			isa = XCBuildConfiguration;
			buildSettings = {
				ASSETCATALOG_COMPILER_APPICON_NAME = AppIcon;
				ASSETCATALOG_COMPILER_GLOBAL_ACCENT_COLOR_NAME = AccentColor;
				CODE_SIGN_STYLE = Automatic;
				CURRENT_PROJECT_VERSION = 1;
				GENERATE_INFOPLIST_FILE = YES;
				INFOPLIST_FILE = GitTest/Info.plist;
				INFOPLIST_KEY_UIApplicationSupportsIndirectInputEvents = YES;
				INFOPLIST_KEY_UILaunchStoryboardName = LaunchScreen;
				INFOPLIST_KEY_UIMainStoryboardFile = Main;
				INFOPLIST_KEY_UISupportedInterfaceOrientations_iPad = "UIInterfaceOrientationPortrait UIInterfaceOrientationPortraitUpsideDown UIInterfaceOrientationLandscapeLeft UIInterfaceOrientationLandscapeRight";
				INFOPLIST_KEY_UISupportedInterfaceOrientations_iPhone = "UIInterfaceOrientationPortrait UIInterfaceOrientationLandscapeLeft UIInterfaceOrientationLandscapeRight";
				LD_RUNPATH_SEARCH_PATHS = (
					"$(inherited)",
					"@executable_path/Frameworks",
				);
				MARKETING_VERSION = 1.0;
				PRODUCT_BUNDLE_IDENTIFIER = identifier.GitTest;
				PRODUCT_NAME = "$(TARGET_NAME)";
				SWIFT_EMIT_LOC_STRINGS = YES;
				SWIFT_VERSION = 5.0;
				TARGETED_DEVICE_FAMILY = "1,2";
			};
			name = Release;
		};
		885D9C142B0F9C21008396AD /* Debug */ = {
			isa = XCBuildConfiguration;
			buildSettings = {
				ALWAYS_EMBED_SWIFT_STANDARD_LIBRARIES = YES;
				BUNDLE_LOADER = "$(TEST_HOST)";
				CODE_SIGN_STYLE = Automatic;
				CURRENT_PROJECT_VERSION = 1;
				GENERATE_INFOPLIST_FILE = YES;
				IPHONEOS_DEPLOYMENT_TARGET = 17.0;
				MARKETING_VERSION = 1.0;
				PRODUCT_BUNDLE_IDENTIFIER = identifier.GitTestTests;
				PRODUCT_NAME = "$(TARGET_NAME)";
				SWIFT_EMIT_LOC_STRINGS = NO;
				SWIFT_VERSION = 5.0;
				TARGETED_DEVICE_FAMILY = "1,2";
				TEST_HOST = "$(BUILT_PRODUCTS_DIR)/GitTest.app/$(BUNDLE_EXECUTABLE_FOLDER_PATH)/GitTest";
			};
			name = Debug;
		};
		885D9C152B0F9C21008396AD /* Release */ = {
			isa = XCBuildConfiguration;
			buildSettings = {
				ALWAYS_EMBED_SWIFT_STANDARD_LIBRARIES = YES;
				BUNDLE_LOADER = "$(TEST_HOST)";
				CODE_SIGN_STYLE = Automatic;
				CURRENT_PROJECT_VERSION = 1;
				GENERATE_INFOPLIST_FILE = YES;
				IPHONEOS_DEPLOYMENT_TARGET = 17.0;
				MARKETING_VERSION = 1.0;
				PRODUCT_BUNDLE_IDENTIFIER = identifier.GitTestTests;
				PRODUCT_NAME = "$(TARGET_NAME)";
				SWIFT_EMIT_LOC_STRINGS = NO;
				SWIFT_VERSION = 5.0;
				TARGETED_DEVICE_FAMILY = "1,2";
				TEST_HOST = "$(BUILT_PRODUCTS_DIR)/GitTest.app/$(BUNDLE_EXECUTABLE_FOLDER_PATH)/GitTest";
			};
			name = Release;
		};
		885D9C172B0F9C21008396AD /* Debug */ = {
			isa = XCBuildConfiguration;
			buildSettings = {
				ALWAYS_EMBED_SWIFT_STANDARD_LIBRARIES = YES;
				CODE_SIGN_STYLE = Automatic;
				CURRENT_PROJECT_VERSION = 1;
				GENERATE_INFOPLIST_FILE = YES;
				MARKETING_VERSION = 1.0;
				PRODUCT_BUNDLE_IDENTIFIER = identifier.GitTestUITests;
				PRODUCT_NAME = "$(TARGET_NAME)";
				SWIFT_EMIT_LOC_STRINGS = NO;
				SWIFT_VERSION = 5.0;
				TARGETED_DEVICE_FAMILY = "1,2";
				TEST_TARGET_NAME = GitTest;
			};
			name = Debug;
		};
		885D9C182B0F9C21008396AD /* Release */ = {
			isa = XCBuildConfiguration;
			buildSettings = {
				ALWAYS_EMBED_SWIFT_STANDARD_LIBRARIES = YES;
				CODE_SIGN_STYLE = Automatic;
				CURRENT_PROJECT_VERSION = 1;
				GENERATE_INFOPLIST_FILE = YES;
				MARKETING_VERSION = 1.0;
				PRODUCT_BUNDLE_IDENTIFIER = identifier.GitTestUITests;
				PRODUCT_NAME = "$(TARGET_NAME)";
				SWIFT_EMIT_LOC_STRINGS = NO;
				SWIFT_VERSION = 5.0;
				TARGETED_DEVICE_FAMILY = "1,2";
				TEST_TARGET_NAME = GitTest;
			};
			name = Release;
		};
/* End XCBuildConfiguration section */

/* Begin XCConfigurationList section */
		885D9BE12B0F9C1D008396AD /* Build configuration list for PBXProject "GitTest" */ = {
			isa = XCConfigurationList;
			buildConfigurations = (
				885D9C0E2B0F9C21008396AD /* Debug */,
				885D9C0F2B0F9C21008396AD /* Release */,
			);
			defaultConfigurationIsVisible = 0;
			defaultConfigurationName = Release;
		};
		885D9C102B0F9C21008396AD /* Build configuration list for PBXNativeTarget "GitTest" */ = {
			isa = XCConfigurationList;
			buildConfigurations = (
				885D9C112B0F9C21008396AD /* Debug */,
				885D9C122B0F9C21008396AD /* Release */,
			);
			defaultConfigurationIsVisible = 0;
			defaultConfigurationName = Release;
		};
		885D9C132B0F9C21008396AD /* Build configuration list for PBXNativeTarget "GitTestTests" */ = {
			isa = XCConfigurationList;
			buildConfigurations = (
				885D9C142B0F9C21008396AD /* Debug */,
				885D9C152B0F9C21008396AD /* Release */,
			);
			defaultConfigurationIsVisible = 0;
			defaultConfigurationName = Release;
		};
		885D9C162B0F9C21008396AD /* Build configuration list for PBXNativeTarget "GitTestUITests" */ = {
			isa = XCConfigurationList;
			buildConfigurations = (
				885D9C172B0F9C21008396AD /* Debug */,
				885D9C182B0F9C21008396AD /* Release */,
			);
			defaultConfigurationIsVisible = 0;
			defaultConfigurationName = Release;
		};
/* End XCConfigurationList section */
	};
	rootObject = 885D9BDE2B0F9C1D008396AD /* Project object */;
}
